// !$*UTF8*$!
{
	archiveVersion = 1;
	classes = {
	};
	objectVersion = 56;
	objects = {

/* Begin PBXBuildFile section */
		045AC6762EC62BAD00930924 /* API_Async_Await_SwifUIApp.swift in Sources */ = {isa = PBXBuildFile; fileRef = 045AC6752EC62BAD00930924 /* API_Async_Await_SwifUIApp.swift */; };
		045AC67A2EC62BB100930924 /* Assets.xcassets in Resources */ = {isa = PBXBuildFile; fileRef = 045AC6792EC62BB100930924 /* Assets.xcassets */; };
		045AC67E2EC62BB100930924 /* Preview Assets.xcassets in Resources */ = {isa = PBXBuildFile; fileRef = 045AC67D2EC62BB100930924 /* Preview Assets.xcassets */; };
		045AC68F2EC62BED00930924 /* ProductModel.swift in Sources */ = {isa = PBXBuildFile; fileRef = 045AC6852EC62BEB00930924 /* ProductModel.swift */; };
		045AC6902EC62BED00930924 /* ProductViewModel.swift in Sources */ = {isa = PBXBuildFile; fileRef = 045AC6872EC62BEC00930924 /* ProductViewModel.swift */; };
		045AC6912EC62BED00930924 /* ProductView.swift in Sources */ = {isa = PBXBuildFile; fileRef = 045AC6892EC62BEC00930924 /* ProductView.swift */; };
		045AC6922EC62BED00930924 /* ProductRowView.swift in Sources */ = {isa = PBXBuildFile; fileRef = 045AC68A2EC62BEC00930924 /* ProductRowView.swift */; };
		045AC6932EC62BED00930924 /* Double+Extention.swift in Sources */ = {isa = PBXBuildFile; fileRef = 045AC68C2EC62BEC00930924 /* Double+Extention.swift */; };
		045AC6942EC62BED00930924 /* APIManager.swift in Sources */ = {isa = PBXBuildFile; fileRef = 045AC68E2EC62BEC00930924 /* APIManager.swift */; };
/* End PBXBuildFile section */

/* Begin PBXFileReference section */
		045AC6722EC62BAC00930924 /* API_Async-Await_SwifUI.app */ = {isa = PBXFileReference; explicitFileType = wrapper.application; includeInIndex = 0; path = "API_Async-Await_SwifUI.app"; sourceTree = BUILT_PRODUCTS_DIR; };
		045AC6752EC62BAD00930924 /* API_Async_Await_SwifUIApp.swift */ = {isa = PBXFileReference; lastKnownFileType = sourcecode.swift; path = API_Async_Await_SwifUIApp.swift; sourceTree = "<group>"; };
		045AC6792EC62BB100930924 /* Assets.xcassets */ = {isa = PBXFileReference; lastKnownFileType = folder.assetcatalog; path = Assets.xcassets; sourceTree = "<group>"; };
		045AC67B2EC62BB100930924 /* API_Async_Await_SwifUI.entitlements */ = {isa = PBXFileReference; lastKnownFileType = text.plist.entitlements; path = API_Async_Await_SwifUI.entitlements; sourceTree = "<group>"; };
		045AC67D2EC62BB100930924 /* Preview Assets.xcassets */ = {isa = PBXFileReference; lastKnownFileType = folder.assetcatalog; path = "Preview Assets.xcassets"; sourceTree = "<group>"; };
		045AC6852EC62BEB00930924 /* ProductModel.swift */ = {isa = PBXFileReference; fileEncoding = 4; lastKnownFileType = sourcecode.swift; path = ProductModel.swift; sourceTree = "<group>"; };
		045AC6872EC62BEC00930924 /* ProductViewModel.swift */ = {isa = PBXFileReference; fileEncoding = 4; lastKnownFileType = sourcecode.swift; path = ProductViewModel.swift; sourceTree = "<group>"; };
		045AC6892EC62BEC00930924 /* ProductView.swift */ = {isa = PBXFileReference; fileEncoding = 4; lastKnownFileType = sourcecode.swift; path = ProductView.swift; sourceTree = "<group>"; };
		045AC68A2EC62BEC00930924 /* ProductRowView.swift */ = {isa = PBXFileReference; fileEncoding = 4; lastKnownFileType = sourcecode.swift; path = ProductRowView.swift; sourceTree = "<group>"; };
		045AC68C2EC62BEC00930924 /* Double+Extention.swift */ = {isa = PBXFileReference; fileEncoding = 4; lastKnownFileType = sourcecode.swift; path = "Double+Extention.swift"; sourceTree = "<group>"; };
		045AC68E2EC62BEC00930924 /* APIManager.swift */ = {isa = PBXFileReference; fileEncoding = 4; lastKnownFileType = sourcecode.swift; path = APIManager.swift; sourceTree = "<group>"; };
/* End PBXFileReference section */

/* Begin PBXFrameworksBuildPhase section */
		045AC66F2EC62BAC00930924 /* Frameworks */ = {
			isa = PBXFrameworksBuildPhase;
			buildActionMask = 2147483647;
			files = (
			);
			runOnlyForDeploymentPostprocessing = 0;
		};
/* End PBXFrameworksBuildPhase section */

/* Begin PBXGroup section */
		045AC6692EC62BAC00930924 = {
			isa = PBXGroup;
			children = (
				045AC6742EC62BAC00930924 /* API_Async-Await_SwifUI */,
				045AC6732EC62BAC00930924 /* Products */,
			);
			sourceTree = "<group>";
		};
		045AC6732EC62BAC00930924 /* Products */ = {
			isa = PBXGroup;
			children = (
				045AC6722EC62BAC00930924 /* API_Async-Await_SwifUI.app */,
			);
			name = Products;
			sourceTree = "<group>";
		};
		045AC6742EC62BAC00930924 /* API_Async-Await_SwifUI */ = {
			isa = PBXGroup;
			children = (
				045AC6752EC62BAD00930924 /* API_Async_Await_SwifUIApp.swift */,
				045AC68B2EC62BEC00930924 /* Extentions */,
				045AC68D2EC62BEC00930924 /* Manager */,
				045AC6842EC62BEB00930924 /* Model */,
				045AC6882EC62BEC00930924 /* View */,
				045AC6862EC62BEC00930924 /* ViewModel */,
				045AC6792EC62BB100930924 /* Assets.xcassets */,
				045AC67B2EC62BB100930924 /* API_Async_Await_SwifUI.entitlements */,
				045AC67C2EC62BB100930924 /* Preview Content */,
			);
			path = "API_Async-Await_SwifUI";
			sourceTree = "<group>";
		};
		045AC67C2EC62BB100930924 /* Preview Content */ = {
			isa = PBXGroup;
			children = (
				045AC67D2EC62BB100930924 /* Preview Assets.xcassets */,
			);
			path = "Preview Content";
			sourceTree = "<group>";
		};
		045AC6842EC62BEB00930924 /* Model */ = {
			isa = PBXGroup;
			children = (
				045AC6852EC62BEB00930924 /* ProductModel.swift */,
			);
			path = Model;
			sourceTree = "<group>";
		};
		045AC6862EC62BEC00930924 /* ViewModel */ = {
			isa = PBXGroup;
			children = (
				045AC6872EC62BEC00930924 /* ProductViewModel.swift */,
			);
			path = ViewModel;
			sourceTree = "<group>";
		};
		045AC6882EC62BEC00930924 /* View */ = {
			isa = PBXGroup;
			children = (
				045AC6892EC62BEC00930924 /* ProductView.swift */,
				045AC68A2EC62BEC00930924 /* ProductRowView.swift */,
			);
			path = View;
			sourceTree = "<group>";
		};
		045AC68B2EC62BEC00930924 /* Extentions */ = {
			isa = PBXGroup;
			children = (
				045AC68C2EC62BEC00930924 /* Double+Extention.swift */,
			);
			path = Extentions;
			sourceTree = "<group>";
		};
		045AC68D2EC62BEC00930924 /* Manager */ = {
			isa = PBXGroup;
			children = (
				045AC68E2EC62BEC00930924 /* APIManager.swift */,
			);
			path = Manager;
			sourceTree = "<group>";
		};
/* End PBXGroup section */

/* Begin PBXNativeTarget section */
		045AC6712EC62BAC00930924 /* API_Async-Await_SwifUI */ = {
			isa = PBXNativeTarget;
			buildConfigurationList = 045AC6812EC62BB100930924 /* Build configuration list for PBXNativeTarget "API_Async-Await_SwifUI" */;
			buildPhases = (
				045AC66E2EC62BAC00930924 /* Sources */,
				045AC66F2EC62BAC00930924 /* Frameworks */,
				045AC6702EC62BAC00930924 /* Resources */,
			);
			buildRules = (
			);
			dependencies = (
			);
			name = "API_Async-Await_SwifUI";
			productName = "API_Async-Await_SwifUI";
			productReference = 045AC6722EC62BAC00930924 /* API_Async-Await_SwifUI.app */;
			productType = "com.apple.product-type.application";
		};
/* End PBXNativeTarget section */

/* Begin PBXProject section */
		045AC66A2EC62BAC00930924 /* Project object */ = {
			isa = PBXProject;
			attributes = {
				BuildIndependentTargetsInParallel = 1;
				LastSwiftUpdateCheck = 1410;
				LastUpgradeCheck = 1410;
				TargetAttributes = {
					045AC6712EC62BAC00930924 = {
						CreatedOnToolsVersion = 14.1;
					};
				};
			};
			buildConfigurationList = 045AC66D2EC62BAC00930924 /* Build configuration list for PBXProject "API_Async-Await_SwifUI" */;
			compatibilityVersion = "Xcode 14.0";
			developmentRegion = en;
			hasScannedForEncodings = 0;
			knownRegions = (
				en,
				Base,
			);
			mainGroup = 045AC6692EC62BAC00930924;
			productRefGroup = 045AC6732EC62BAC00930924 /* Products */;
			projectDirPath = "";
			projectRoot = "";
			targets = (
				045AC6712EC62BAC00930924 /* API_Async-Await_SwifUI */,
			);
		};
/* End PBXProject section */

/* Begin PBXResourcesBuildPhase section */
		045AC6702EC62BAC00930924 /* Resources */ = {
			isa = PBXResourcesBuildPhase;
			buildActionMask = 2147483647;
			files = (
				045AC67E2EC62BB100930924 /* Preview Assets.xcassets in Resources */,
				045AC67A2EC62BB100930924 /* Assets.xcassets in Resources */,
			);
			runOnlyForDeploymentPostprocessing = 0;
		};
/* End PBXResourcesBuildPhase section */

/* Begin PBXSourcesBuildPhase section */
		045AC66E2EC62BAC00930924 /* Sources */ = {
			isa = PBXSourcesBuildPhase;
			buildActionMask = 2147483647;
			files = (
				045AC6922EC62BED00930924 /* ProductRowView.swift in Sources */,
				045AC6912EC62BED00930924 /* ProductView.swift in Sources */,
				045AC6762EC62BAD00930924 /* API_Async_Await_SwifUIApp.swift in Sources */,
				045AC68F2EC62BED00930924 /* ProductModel.swift in Sources */,
				045AC6902EC62BED00930924 /* ProductViewModel.swift in Sources */,
				045AC6932EC62BED00930924 /* Double+Extention.swift in Sources */,
				045AC6942EC62BED00930924 /* APIManager.swift in Sources */,
			);
			runOnlyForDeploymentPostprocessing = 0;
		};
/* End PBXSourcesBuildPhase section */

/* Begin XCBuildConfiguration section */
		045AC67F2EC62BB100930924 /* Debug */ = {
			isa = XCBuildConfiguration;
			buildSettings = {
				ALWAYS_SEARCH_USER_PATHS = NO;
				CLANG_ANALYZER_NONNULL = YES;
				CLANG_ANALYZER_NUMBER_OBJECT_CONVERSION = YES_AGGRESSIVE;
				CLANG_CXX_LANGUAGE_STANDARD = "gnu++20";
				CLANG_ENABLE_MODULES = YES;
				CLANG_ENABLE_OBJC_ARC = YES;
				CLANG_ENABLE_OBJC_WEAK = YES;
				CLANG_WARN_BLOCK_CAPTURE_AUTORELEASING = YES;
				CLANG_WARN_BOOL_CONVERSION = YES;
				CLANG_WARN_COMMA = YES;
				CLANG_WARN_CONSTANT_CONVERSION = YES;
				CLANG_WARN_DEPRECATED_OBJC_IMPLEMENTATIONS = YES;
				CLANG_WARN_DIRECT_OBJC_ISA_USAGE = YES_ERROR;
				CLANG_WARN_DOCUMENTATION_COMMENTS = YES;
				CLANG_WARN_EMPTY_BODY = YES;
				CLANG_WARN_ENUM_CONVERSION = YES;
				CLANG_WARN_INFINITE_RECURSION = YES;
				CLANG_WARN_INT_CONVERSION = YES;
				CLANG_WARN_NON_LITERAL_NULL_CONVERSION = YES;
				CLANG_WARN_OBJC_IMPLICIT_RETAIN_SELF = YES;
				CLANG_WARN_OBJC_LITERAL_CONVERSION = YES;
				CLANG_WARN_OBJC_ROOT_CLASS = YES_ERROR;
				CLANG_WARN_QUOTED_INCLUDE_IN_FRAMEWORK_HEADER = YES;
				CLANG_WARN_RANGE_LOOP_ANALYSIS = YES;
				CLANG_WARN_STRICT_PROTOTYPES = YES;
				CLANG_WARN_SUSPICIOUS_MOVE = YES;
				CLANG_WARN_UNGUARDED_AVAILABILITY = YES_AGGRESSIVE;
				CLANG_WARN_UNREACHABLE_CODE = YES;
				CLANG_WARN__DUPLICATE_METHOD_MATCH = YES;
				COPY_PHASE_STRIP = NO;
				DEBUG_INFORMATION_FORMAT = dwarf;
				ENABLE_STRICT_OBJC_MSGSEND = YES;
				ENABLE_TESTABILITY = YES;
				GCC_C_LANGUAGE_STANDARD = gnu11;
				GCC_DYNAMIC_NO_PIC = NO;
				GCC_NO_COMMON_BLOCKS = YES;
				GCC_OPTIMIZATION_LEVEL = 0;
				GCC_PREPROCESSOR_DEFINITIONS = (
					"DEBUG=1",
					"$(inherited)",
				);
				GCC_WARN_64_TO_32_BIT_CONVERSION = YES;
				GCC_WARN_ABOUT_RETURN_TYPE = YES_ERROR;
				GCC_WARN_UNDECLARED_SELECTOR = YES;
				GCC_WARN_UNINITIALIZED_AUTOS = YES_AGGRESSIVE;
				GCC_WARN_UNUSED_FUNCTION = YES;
				GCC_WARN_UNUSED_VARIABLE = YES;
				MTL_ENABLE_DEBUG_INFO = INCLUDE_SOURCE;
				MTL_FAST_MATH = YES;
				ONLY_ACTIVE_ARCH = YES;
				SWIFT_ACTIVE_COMPILATION_CONDITIONS = DEBUG;
				SWIFT_OPTIMIZATION_LEVEL = "-Onone";
			};
			name = Debug;
		};
		045AC6802EC62BB100930924 /* Release */ = {
			isa = XCBuildConfiguration;
			buildSettings = {
				ALWAYS_SEARCH_USER_PATHS = NO;
				CLANG_ANALYZER_NONNULL = YES;
				CLANG_ANALYZER_NUMBER_OBJECT_CONVERSION = YES_AGGRESSIVE;
				CLANG_CXX_LANGUAGE_STANDARD = "gnu++20";
				CLANG_ENABLE_MODULES = YES;
				CLANG_ENABLE_OBJC_ARC = YES;
				CLANG_ENABLE_OBJC_WEAK = YES;
				CLANG_WARN_BLOCK_CAPTURE_AUTORELEASING = YES;
				CLANG_WARN_BOOL_CONVERSION = YES;
				CLANG_WARN_COMMA = YES;
				CLANG_WARN_CONSTANT_CONVERSION = YES;
				CLANG_WARN_DEPRECATED_OBJC_IMPLEMENTATIONS = YES;
				CLANG_WARN_DIRECT_OBJC_ISA_USAGE = YES_ERROR;
				CLANG_WARN_DOCUMENTATION_COMMENTS = YES;
				CLANG_WARN_EMPTY_BODY = YES;
				CLANG_WARN_ENUM_CONVERSION = YES;
				CLANG_WARN_INFINITE_RECURSION = YES;
				CLANG_WARN_INT_CONVERSION = YES;
				CLANG_WARN_NON_LITERAL_NULL_CONVERSION = YES;
				CLANG_WARN_OBJC_IMPLICIT_RETAIN_SELF = YES;
				CLANG_WARN_OBJC_LITERAL_CONVERSION = YES;
				CLANG_WARN_OBJC_ROOT_CLASS = YES_ERROR;
				CLANG_WARN_QUOTED_INCLUDE_IN_FRAMEWORK_HEADER = YES;
				CLANG_WARN_RANGE_LOOP_ANALYSIS = YES;
				CLANG_WARN_STRICT_PROTOTYPES = YES;
				CLANG_WARN_SUSPICIOUS_MOVE = YES;
				CLANG_WARN_UNGUARDED_AVAILABILITY = YES_AGGRESSIVE;
				CLANG_WARN_UNREACHABLE_CODE = YES;
				CLANG_WARN__DUPLICATE_METHOD_MATCH = YES;
				COPY_PHASE_STRIP = NO;
				DEBUG_INFORMATION_FORMAT = "dwarf-with-dsym";
				ENABLE_NS_ASSERTIONS = NO;
				ENABLE_STRICT_OBJC_MSGSEND = YES;
				GCC_C_LANGUAGE_STANDARD = gnu11;
				GCC_NO_COMMON_BLOCKS = YES;
				GCC_WARN_64_TO_32_BIT_CONVERSION = YES;
				GCC_WARN_ABOUT_RETURN_TYPE = YES_ERROR;
				GCC_WARN_UNDECLARED_SELECTOR = YES;
				GCC_WARN_UNINITIALIZED_AUTOS = YES_AGGRESSIVE;
				GCC_WARN_UNUSED_FUNCTION = YES;
				GCC_WARN_UNUSED_VARIABLE = YES;
				MTL_ENABLE_DEBUG_INFO = NO;
				MTL_FAST_MATH = YES;
				SWIFT_COMPILATION_MODE = wholemodule;
				SWIFT_OPTIMIZATION_LEVEL = "-O";
			};
			name = Release;
		};
		045AC6822EC62BB100930924 /* Debug */ = {
			isa = XCBuildConfiguration;
			buildSettings = {
				ASSETCATALOG_COMPILER_APPICON_NAME = AppIcon;
				ASSETCATALOG_COMPILER_GLOBAL_ACCENT_COLOR_NAME = AccentColor;
				CODE_SIGN_ENTITLEMENTS = "API_Async-Await_SwifUI/API_Async_Await_SwifUI.entitlements";
				CODE_SIGN_STYLE = Automatic;
				CURRENT_PROJECT_VERSION = 1;
				DEVELOPMENT_ASSET_PATHS = "\"API_Async-Await_SwifUI/Preview Content\"";
				ENABLE_PREVIEWS = YES;
				GENERATE_INFOPLIST_FILE = YES;
				"INFOPLIST_KEY_UIApplicationSceneManifest_Generation[sdk=iphoneos*]" = YES;
				"INFOPLIST_KEY_UIApplicationSceneManifest_Generation[sdk=iphonesimulator*]" = YES;
				"INFOPLIST_KEY_UIApplicationSupportsIndirectInputEvents[sdk=iphoneos*]" = YES;
				"INFOPLIST_KEY_UIApplicationSupportsIndirectInputEvents[sdk=iphonesimulator*]" = YES;
				"INFOPLIST_KEY_UILaunchScreen_Generation[sdk=iphoneos*]" = YES;
				"INFOPLIST_KEY_UILaunchScreen_Generation[sdk=iphonesimulator*]" = YES;
				"INFOPLIST_KEY_UIStatusBarStyle[sdk=iphoneos*]" = UIStatusBarStyleDefault;
				"INFOPLIST_KEY_UIStatusBarStyle[sdk=iphonesimulator*]" = UIStatusBarStyleDefault;
				INFOPLIST_KEY_UISupportedInterfaceOrientations_iPad = "UIInterfaceOrientationPortrait UIInterfaceOrientationPortraitUpsideDown UIInterfaceOrientationLandscapeLeft UIInterfaceOrientationLandscapeRight";
				INFOPLIST_KEY_UISupportedInterfaceOrientations_iPhone = "UIInterfaceOrientationPortrait UIInterfaceOrientationLandscapeLeft UIInterfaceOrientationLandscapeRight";
				IPHONEOS_DEPLOYMENT_TARGET = 16.1;
				LD_RUNPATH_SEARCH_PATHS = "@executable_path/Frameworks";
				"LD_RUNPATH_SEARCH_PATHS[sdk=macosx*]" = "@executable_path/../Frameworks";
				MACOSX_DEPLOYMENT_TARGET = 13.0;
				MARKETING_VERSION = 1.0;
				PRODUCT_BUNDLE_IDENTIFIER = "bb.com.API-Async-Await-SwifUI";
				PRODUCT_NAME = "$(TARGET_NAME)";
				SDKROOT = auto;
				SUPPORTED_PLATFORMS = "iphoneos iphonesimulator macosx";
				SWIFT_EMIT_LOC_STRINGS = YES;
				SWIFT_VERSION = 5.0;
				TARGETED_DEVICE_FAMILY = "1,2";
			};
			name = Debug;
		};
		045AC6832EC62BB100930924 /* Release */ = {
			isa = XCBuildConfiguration;
			buildSettings = {
				ASSETCATALOG_COMPILER_APPICON_NAME = AppIcon;
				ASSETCATALOG_COMPILER_GLOBAL_ACCENT_COLOR_NAME = AccentColor;
				CODE_SIGN_ENTITLEMENTS = "API_Async-Await_SwifUI/API_Async_Await_SwifUI.entitlements";
				CODE_SIGN_STYLE = Automatic;
				CURRENT_PROJECT_VERSION = 1;
				DEVELOPMENT_ASSET_PATHS = "\"API_Async-Await_SwifUI/Preview Content\"";
				ENABLE_PREVIEWS = YES;
				GENERATE_INFOPLIST_FILE = YES;
				"INFOPLIST_KEY_UIApplicationSceneManifest_Generation[sdk=iphoneos*]" = YES;
				"INFOPLIST_KEY_UIApplicationSceneManifest_Generation[sdk=iphonesimulator*]" = YES;
				"INFOPLIST_KEY_UIApplicationSupportsIndirectInputEvents[sdk=iphoneos*]" = YES;
				"INFOPLIST_KEY_UIApplicationSupportsIndirectInputEvents[sdk=iphonesimulator*]" = YES;
				"INFOPLIST_KEY_UILaunchScreen_Generation[sdk=iphoneos*]" = YES;
				"INFOPLIST_KEY_UILaunchScreen_Generation[sdk=iphonesimulator*]" = YES;
				"INFOPLIST_KEY_UIStatusBarStyle[sdk=iphoneos*]" = UIStatusBarStyleDefault;
				"INFOPLIST_KEY_UIStatusBarStyle[sdk=iphonesimulator*]" = UIStatusBarStyleDefault;
				INFOPLIST_KEY_UISupportedInterfaceOrientations_iPad = "UIInterfaceOrientationPortrait UIInterfaceOrientationPortraitUpsideDown UIInterfaceOrientationLandscapeLeft UIInterfaceOrientationLandscapeRight";
				INFOPLIST_KEY_UISupportedInterfaceOrientations_iPhone = "UIInterfaceOrientationPortrait UIInterfaceOrientationLandscapeLeft UIInterfaceOrientationLandscapeRight";
				IPHONEOS_DEPLOYMENT_TARGET = 16.1;
				LD_RUNPATH_SEARCH_PATHS = "@executable_path/Frameworks";
				"LD_RUNPATH_SEARCH_PATHS[sdk=macosx*]" = "@executable_path/../Frameworks";
				MACOSX_DEPLOYMENT_TARGET = 13.0;
				MARKETING_VERSION = 1.0;
				PRODUCT_BUNDLE_IDENTIFIER = "bb.com.API-Async-Await-SwifUI";
				PRODUCT_NAME = "$(TARGET_NAME)";
				SDKROOT = auto;
				SUPPORTED_PLATFORMS = "iphoneos iphonesimulator macosx";
				SWIFT_EMIT_LOC_STRINGS = YES;
				SWIFT_VERSION = 5.0;
				TARGETED_DEVICE_FAMILY = "1,2";
			};
			name = Release;
		};
/* End XCBuildConfiguration section */

/* Begin XCConfigurationList section */
		045AC66D2EC62BAC00930924 /* Build configuration list for PBXProject "API_Async-Await_SwifUI" */ = {
			isa = XCConfigurationList;
			buildConfigurations = (
				045AC67F2EC62BB100930924 /* Debug */,
				045AC6802EC62BB100930924 /* Release */,
			);
			defaultConfigurationIsVisible = 0;
			defaultConfigurationName = Release;
		};
		045AC6812EC62BB100930924 /* Build configuration list for PBXNativeTarget "API_Async-Await_SwifUI" */ = {
			isa = XCConfigurationList;
			buildConfigurations = (
				045AC6822EC62BB100930924 /* Debug */,
				045AC6832EC62BB100930924 /* Release */,
			);
			defaultConfigurationIsVisible = 0;
			defaultConfigurationName = Release;
		};
/* End XCConfigurationList section */
	};
	rootObject = 045AC66A2EC62BAC00930924 /* Project object */;
}
